Microsoft Visual Studio Solution File, Format Version 12.00
# Visual Studio Version 17
VisualStudioVersion = 17.5.2.0
MinimumVisualStudioVersion = 10.0.40219.1
Project("{FAE04EC0-301F-11D3-BF4B-00C04F79EFBC}") = "GestionProduits", "GestionProduits\GestionProduits.csproj", "{6C6CF9BC-E502-2907-B6B2-625A136F5505}"
EndProject
Global
	GlobalSection(SolutionConfigurationPlatforms) = preSolution
		Debug|Any CPU = Debug|Any CPU
		Release|Any CPU = Release|Any CPU
	EndGlobalSection
	GlobalSection(ProjectConfigurationPlatforms) = postSolution
		{6C6CF9BC-E502-2907-B6B2-625A136F5505}.Debug|Any CPU.ActiveCfg = Debug|Any CPU
		{6C6CF9BC-E502-2907-B6B2-625A136F5505}.Debug|Any CPU.Build.0 = Debug|Any CPU
		{6C6CF9BC-E502-2907-B6B2-625A136F5505}.Release|Any CPU.ActiveCfg = Release|Any CPU
		{6C6CF9BC-E502-2907-B6B2-625A136F5505}.Release|Any CPU.Build.0 = Release|Any CPU
	EndGlobalSection
	GlobalSection(SolutionProperties) = preSolution
		HideSolutionNode = FALSE
	EndGlobalSection
	GlobalSection(ExtensibilityGlobals) = postSolution
		SolutionGuid = {E00EC7BD-11FB-469D-BB7B-342996391D34}
	EndGlobalSection
EndGlobal
